<?xml version="1.0" encoding="utf-8"?>
<Project ToolsVersion="4.0" xmlns="http://schemas.microsoft.com/developer/msbuild/2003">
  <ItemGroup>
    <Filter Include="Assets">
      <UniqueIdentifier>80792f45-6525-4bf6-896f-842fa73cc67d</UniqueIdentifier>
      <Extensions>ico;cur;bmp;dds;dlg;fbx;rct;bin;rgs;gif;jpg;jpeg;jpe;resx;tga;tiff;tif;png;wav;mfcribbon-ms</Extensions>
    </Filter>
    <Filter Include="Stage">
      <UniqueIdentifier>{4e75eb0c-6a03-434b-96a1-f09b9f9be47f}</UniqueIdentifier>
    </Filter>
    <Filter Include="Object">
      <UniqueIdentifier>{e612f79d-06a2-4f29-bdce-360290f89bc6}</UniqueIdentifier>
    </Filter>
    <Filter Include="MainBese">
      <UniqueIdentifier>{ecb6865b-5f7d-44f6-93a0-9ba2efac7c07}</UniqueIdentifier>
    </Filter>
    <Filter Include="Camera">
      <UniqueIdentifier>{b9c3c868-10bb-4e3a-ac40-2bac6faebe58}</UniqueIdentifier>
    </Filter>
    <Filter Include="Tests">
      <UniqueIdentifier>{dd97ad82-b2c7-4ca7-8df3-50974f824c1e}</UniqueIdentifier>
    </Filter>
    <Filter Include="Tests\TestCamera">
      <UniqueIdentifier>{1ac2b24c-89cb-42fd-99ce-772783f416aa}</UniqueIdentifier>
    </Filter>
    <Filter Include="Player">
      <UniqueIdentifier>{12e5e241-2c07-42ce-bfeb-89d08723d45c}</UniqueIdentifier>
    </Filter>
    <Filter Include="Enemy">
      <UniqueIdentifier>{dd664234-d1e1-4f23-88fc-cc404fcb94e0}</UniqueIdentifier>
    </Filter>
    <Filter Include="Hit">
      <UniqueIdentifier>{b48ba6dc-6458-47bb-9e03-c6232b6c7a34}</UniqueIdentifier>
    </Filter>
  </ItemGroup>
  <ItemGroup>
    <ClInclude Include="Games\Stage\StageBese.h">
      <Filter>Stage</Filter>
    </ClInclude>
    <ClInclude Include="Game.h">
      <Filter>MainBese</Filter>
    </ClInclude>
    <ClInclude Include="pch.h">
      <Filter>MainBese</Filter>
    </ClInclude>
    <ClInclude Include="StepTimer.h">
      <Filter>MainBese</Filter>
    </ClInclude>
    <ClInclude Include="Games\Object\Object.h">
      <Filter>Object</Filter>
    </ClInclude>
    <ClInclude Include="Camera.h">
      <Filter>Camera</Filter>
    </ClInclude>
    <ClInclude Include="TpsCamera.h">
      <Filter>Camera</Filter>
    </ClInclude>
    <ClInclude Include="DebagCamera.h">
      <Filter>Tests\TestCamera</Filter>
    </ClInclude>
    <ClInclude Include="Player.h">
      <Filter>Player</Filter>
    </ClInclude>
    <ClInclude Include="Enemy.h">
      <Filter>Enemy</Filter>
    </ClInclude>
    <ClInclude Include="Collision\Collision.h">
      <Filter>Hit</Filter>
    </ClInclude>
    <ClInclude Include="Collision\CollisionNode.h">
      <Filter>Hit</Filter>
    </ClInclude>
  </ItemGroup>
  <ItemGroup>
    <ClCompile Include="Game.cpp">
      <Filter>MainBese</Filter>
    </ClCompile>
    <ClCompile Include="Main.cpp">
      <Filter>MainBese</Filter>
    </ClCompile>
    <ClCompile Include="pch.cpp">
      <Filter>MainBese</Filter>
    </ClCompile>
    <ClCompile Include="Games\Object\Object.cpp">
      <Filter>Object</Filter>
    </ClCompile>
    <ClCompile Include="Games\Stage\StageBese.cpp">
      <Filter>Stage</Filter>
    </ClCompile>
    <ClCompile Include="Camera.cpp">
      <Filter>Camera</Filter>
    </ClCompile>
    <ClCompile Include="TpsCamera.cpp">
      <Filter>Camera</Filter>
    </ClCompile>
    <ClCompile Include="DebagCamera.cpp">
      <Filter>Tests\TestCamera</Filter>
    </ClCompile>
    <ClCompile Include="Player.cpp">
      <Filter>Player</Filter>
    </ClCompile>
    <ClCompile Include="Enemy.cpp">
      <Filter>Enemy</Filter>
    </ClCompile>
    <ClCompile Include="Collision\Collision.cpp">
      <Filter>Hit</Filter>
    </ClCompile>
    <ClCompile Include="Collision\CollisionNode.cpp">
      <Filter>Hit</Filter>
    </ClCompile>
  </ItemGroup>
  <ItemGroup>
    <ResourceCompile Include="resource.rc" />
  </ItemGroup>
  <ItemGroup>
    <Image Include="directx.ico">
      <Filter>Assets</Filter>
    </Image>
  </ItemGroup>
  <ItemGroup>
    <Manifest Include="settings.manifest">
      <Filter>Assets</Filter>
    </Manifest>
  </ItemGroup>
  <ItemGroup>
    <MeshContentTask Include="Asset\box.FBX">
      <Filter>Assets</Filter>
    </MeshContentTask>
    <MeshContentTask Include="Asset\Mori.FBX">
      <Filter>Assets</Filter>
    </MeshContentTask>
    <MeshContentTask Include="Asset\Sora.FBX">
      <Filter>Assets</Filter>
    </MeshContentTask>
    <MeshContentTask Include="Asset\ground200m.FBX">
      <Filter>Assets</Filter>
    </MeshContentTask>
    <MeshContentTask Include="Asset\tree.FBX">
      <Filter>Assets</Filter>
    </MeshContentTask>
    <MeshContentTask Include="Asset\sphere.FBX">
      <Filter>Assets</Filter>
    </MeshContentTask>
    <MeshContentTask Include="Asset\Solos.FBX">
      <Filter>Assets</Filter>
    </MeshContentTask>
    <MeshContentTask Include="Asset\Sinigami.FBX">
      <Filter>Assets</Filter>
    </MeshContentTask>
  </ItemGroup>
</Project>